
Microsoft Visual Studio Solution File, Format Version 12.00
# Visual Studio Version 16
VisualStudioVersion = 16.0.30621.155
MinimumVisualStudioVersion = 10.0.40219.1
Project("{FAE04EC0-301F-11D3-BF4B-00C04F79EFBC}") = "scanner-demo", "scanner-demo.csproj", "{9AA11289-91D5-4873-B36C-1DF7BF8403A5}"
EndProject
Global
	GlobalSection(SolutionConfigurationPlatforms) = preSolution
		Debug|Any CPU = Debug|Any CPU
		Release|Any CPU = Release|Any CPU
	EndGlobalSection
	GlobalSection(ProjectConfigurationPlatforms) = postSolution
		{9AA11289-91D5-4873-B36C-1DF7BF8403A5}.Debug|Any CPU.ActiveCfg = Debug|Any CPU
		{9AA11289-91D5-4873-B36C-1DF7BF8403A5}.Debug|Any CPU.Build.0 = Debug|Any CPU
		{9AA11289-91D5-4873-B36C-1DF7BF8403A5}.Release|Any CPU.ActiveCfg = Release|Any CPU
		{9AA11289-91D5-4873-B36C-1DF7BF8403A5}.Release|Any CPU.Build.0 = Release|Any CPU
	EndGlobalSection
	GlobalSection(SolutionProperties) = preSolution
		HideSolutionNode = FALSE
	EndGlobalSection
	GlobalSection(ExtensibilityGlobals) = postSolution
		SolutionGuid = {C5B5C358-A3EE-4948-8259-3612D9ADA185}
	EndGlobalSection
EndGlobal
